# THIS IS AN AUTOGENERATED FILE. DO NOT EDIT THIS FILE DIRECTLY.
# yarn lockfile v1


"@types/node@^20.3.2":
  version "20.3.2"
  resolved "https://registry.npmjs.org/@types/node/-/node-20.3.2.tgz"
  integrity sha512-vOBLVQeCQfIcF/2Y7eKFTqrMnizK5lRNQ7ykML/5RuwVXVWxYkgwS7xbt4B6fKCUPgbSL5FSsjHQpaGQP/dQmw==

"@types/prop-types@*":
  version "15.7.11"
  resolved "https://registry.npmjs.org/@types/prop-types/-/prop-types-15.7.11.tgz"
  integrity sha512-ga8y9v9uyeiLdpKddhxYQkxNDrfvuPrlFb0N1qnZZByvcElJaXthF1UhvCh9TLWJBEHeNtdnbysW7Y6Uq8CVng==

"@types/react-reconciler@^0.28.8":
  version "0.28.8"
  resolved "https://registry.npmjs.org/@types/react-reconciler/-/react-reconciler-0.28.8.tgz"
  integrity sha512-SN9c4kxXZonFhbX4hJrZy37yw9e7EIxcpHCxQv5JUS18wDE5ovkQKlqQEkufdJCCMfuI9BnjUJvhYeJ9x5Ra7g==
  dependencies:
    "@types/react" "*"

"@types/react@*", "@types/react@^18.2.39":
  version "18.2.39"
  resolved "https://registry.npmjs.org/@types/react/-/react-18.2.39.tgz"
  integrity sha512-Oiw+ppED6IremMInLV4HXGbfbG6GyziY3kqAwJYOR0PNbkYDmLWQA3a95EhdSmamsvbkJN96ZNN+YD+fGjzSBA==
  dependencies:
    "@types/prop-types" "*"
    "@types/scheduler" "*"
    csstype "^3.0.2"

"@types/scheduler@*":
  version "0.16.8"
  resolved "https://registry.npmjs.org/@types/scheduler/-/scheduler-0.16.8.tgz"
  integrity sha512-WZLiwShhwLRmeV6zH+GkbOFT6Z6VklCItrDioxUnv+u4Ll+8vKeFySoFyK/0ctcRpOmwAicELfmys1sDc/Rw+A==

csstype@^3.0.2:
  version "3.1.2"
  resolved "https://registry.npmjs.org/csstype/-/csstype-3.1.2.tgz"
  integrity sha512-I7K1Uu0MBPzaFKg4nI5Q7Vs2t+3gWWW648spaF+Rg7pI9ds18Ugn+lvg4SHczUdKlHI5LWBXyqfS8+DufyBsgQ==

"js-tokens@^3.0.0 || ^4.0.0":
  version "4.0.0"
  resolved "https://registry.npmjs.org/js-tokens/-/js-tokens-4.0.0.tgz"
  integrity sha512-RdJUflcE3cUzKiMqQgsCu06FPu9UdIJO0beYbPhHN4k6apgJtifcoCtT9bcxOpYBtpD2kCM6Sbzg4CausW/PKQ==

loose-envify@^1.1.0:
  version "1.4.0"
  resolved "https://registry.npmjs.org/loose-envify/-/loose-envify-1.4.0.tgz"
  integrity sha512-lyuxPGr/Wfhrlem2CL/UcnUc1zcqKAImBDzukY7Y5F/yQiNdko6+fRLevlw1HgMySw7f611UIY408EtxRSoK3Q==
  dependencies:
    js-tokens "^3.0.0 || ^4.0.0"

react-reconciler@^0.29.0:
  version "0.29.0"
  resolved "https://registry.npmjs.org/react-reconciler/-/react-reconciler-0.29.0.tgz"
  integrity sha512-wa0fGj7Zht1EYMRhKWwoo1H9GApxYLBuhoAuXN0TlltESAjDssB+Apf0T/DngVqaMyPypDmabL37vw/2aRM98Q==
  dependencies:
    loose-envify "^1.1.0"
    scheduler "^0.23.0"

react@^18.2.0:
  version "18.2.0"
  resolved "https://registry.npmjs.org/react/-/react-18.2.0.tgz"
  integrity sha512-/3IjMdb2L9QbBdWiW5e3P2/npwMBaU9mHCSCUzNln0ZCYbcfTsGbTJrU/kGemdH2IWmB2ioZ+zkxtmq6g09fGQ==
  dependencies:
    loose-envify "^1.1.0"

scheduler@^0.23.0:
  version "0.23.0"
  resolved "https://registry.npmjs.org/scheduler/-/scheduler-0.23.0.tgz"
  integrity sha512-CtuThmgHNg7zIZWAXi3AsyIzA3n4xx7aNyjwC2VJldO2LMVDhFK+63xGqq6CsJH4rTAt6/M+N4GhZiDYPx9eUw==
  dependencies:
    loose-envify "^1.1.0"

typescript@^5.4.3:
  version "5.4.3"
  resolved "https://registry.yarnpkg.com/typescript/-/typescript-5.4.3.tgz#5c6fedd4c87bee01cd7a528a30145521f8e0feff"
  integrity sha512-KrPd3PKaCLr78MalgiwJnA25Nm8HAmdwN3mYUYZgG/wizIo9EainNVQI9/yDavtVFRN2h3k8uf3GLHuhDMgEHg==

wretched@^1.0.6-alpha:
  version "1.0.6-alpha"
  resolved "https://registry.yarnpkg.com/wretched/-/wretched-1.0.6-alpha.tgz#1ca3fa7ea25e604be78fa898c8db5ebb7171befb"
  integrity sha512-wGQ5+z6zHMtCKQV6Sf3/chLi/dZLBN+KPSoJ9ys5yJezlHV4x7rdAGu74x0WvF1KM3K/bkxmnZ5CtvyuAQd1Bw==
