# THIS IS AN AUTOGENERATED FILE. DO NOT EDIT THIS FILE DIRECTLY.
# yarn lockfile v1


"@types/node@^20.3.2":
  version "20.12.2"
  resolved "https://registry.yarnpkg.com/@types/node/-/node-20.12.2.tgz#9facdd11102f38b21b4ebedd9d7999663343d72e"
  integrity sha512-zQ0NYO87hyN6Xrclcqp7f8ZbXNbRfoGWNcMvHTPQp9UUrwI0mI7XBz+cu7/W6/VClYo2g63B0cjull/srU7LgQ==
  dependencies:
    undici-types "~5.26.4"

"@types/prop-types@*":
  version "15.7.12"
  resolved "https://registry.yarnpkg.com/@types/prop-types/-/prop-types-15.7.12.tgz#12bb1e2be27293c1406acb6af1c3f3a1481d98c6"
  integrity sha512-5zvhXYtRNRluoE/jAp4GVsSduVUzNWKkOZrCDBWYtE7biZywwdC2AcEzg+cSMLFRfVgeAFqpfNabiPjxFddV1Q==

"@types/react-reconciler@^0.28.8":
  version "0.28.8"
  resolved "https://registry.yarnpkg.com/@types/react-reconciler/-/react-reconciler-0.28.8.tgz#e51710572bcccf214306833c2438575d310b3e98"
  integrity sha512-SN9c4kxXZonFhbX4hJrZy37yw9e7EIxcpHCxQv5JUS18wDE5ovkQKlqQEkufdJCCMfuI9BnjUJvhYeJ9x5Ra7g==
  dependencies:
    "@types/react" "*"

"@types/react@*", "@types/react@^18.2.39":
  version "18.2.73"
  resolved "https://registry.yarnpkg.com/@types/react/-/react-18.2.73.tgz#0579548ad122660d99e00499d22e33b81e73ed94"
  integrity sha512-XcGdod0Jjv84HOC7N5ziY3x+qL0AfmubvKOZ9hJjJ2yd5EE+KYjWhdOjt387e9HPheHkdggF9atTifMRtyAaRA==
  dependencies:
    "@types/prop-types" "*"
    csstype "^3.0.2"

csstype@^3.0.2:
  version "3.1.3"
  resolved "https://registry.yarnpkg.com/csstype/-/csstype-3.1.3.tgz#d80ff294d114fb0e6ac500fbf85b60137d7eff81"
  integrity sha512-M1uQkMl8rQK/szD0LNhtqxIPLpimGm8sOBwU7lLnCpSbTyY3yeU1Vc7l4KT5zT4s/yOxHH5O7tIuuLOCnLADRw==

ssed@^1.5.0:
  version "1.5.0"
  resolved "https://registry.yarnpkg.com/ssed/-/ssed-1.5.0.tgz#797df7e57614e34b463ec9b705e0b6ba64316f47"
  integrity sha512-mhsPz0VDXeB/CasmMTTnYGjyqFk4nWNV++y7hia86n5iSLI6b3BUkEQ517bqAGQIbnOC4ATuHhaUJHmYgscKDg==

typescript@^5.4.3:
  version "5.4.3"
  resolved "https://registry.yarnpkg.com/typescript/-/typescript-5.4.3.tgz#5c6fedd4c87bee01cd7a528a30145521f8e0feff"
  integrity sha512-KrPd3PKaCLr78MalgiwJnA25Nm8HAmdwN3mYUYZgG/wizIo9EainNVQI9/yDavtVFRN2h3k8uf3GLHuhDMgEHg==

undici-types@~5.26.4:
  version "5.26.5"
  resolved "https://registry.yarnpkg.com/undici-types/-/undici-types-5.26.5.tgz#bcd539893d00b56e964fd2657a4866b221a65617"
  integrity sha512-JlCMO+ehdEIKqlFxk6IfVoAUVmgz7cU7zD/h9XZ0qzeosSHmUJVOzSQvvYSYWXkFXC+IfLKSIffhv0sVZup6pA==

wretched@^1.0.9:
  version "1.0.9"
  resolved "https://registry.yarnpkg.com/wretched/-/wretched-1.0.9.tgz#5782b8fbc493b1932a2502207be41c9777b96895"
  integrity sha512-NCopsNGlmcvOZtzaQSqKHibtg4pHDsNm5Eu9FsJuYDf6pguc+igVskBq82lXIqNMaPu/wWz4jhYDdadC1MZwJQ==
