# THIS IS AN AUTOGENERATED FILE. DO NOT EDIT THIS FILE DIRECTLY.
# yarn lockfile v1


"js-tokens@^3.0.0 || ^4.0.0":
  version "4.0.0"
  resolved "https://registry.npmjs.org/js-tokens/-/js-tokens-4.0.0.tgz"
  integrity sha512-RdJUflcE3cUzKiMqQgsCu06FPu9UdIJO0beYbPhHN4k6apgJtifcoCtT9bcxOpYBtpD2kCM6Sbzg4CausW/PKQ==

loose-envify@^1.1.0:
  version "1.4.0"
  resolved "https://registry.npmjs.org/loose-envify/-/loose-envify-1.4.0.tgz"
  integrity sha512-lyuxPGr/Wfhrlem2CL/UcnUc1zcqKAImBDzukY7Y5F/yQiNdko6+fRLevlw1HgMySw7f611UIY408EtxRSoK3Q==
  dependencies:
    js-tokens "^3.0.0 || ^4.0.0"

preact@^10.24.3:
  version "10.24.3"
  resolved "https://registry.yarnpkg.com/preact/-/preact-10.24.3.tgz#086386bd47071e3b45410ef20844c21e23828f64"
  integrity sha512-Z2dPnBnMUfyQfSQ+GBdsGa16hz35YmLmtTLhM169uW944hYL6xzTYkJjC07j+Wosz733pMWx0fgON3JNw1jJQA==

react-reconciler@^0.29.2:
  version "0.29.2"
  resolved "https://registry.npmjs.org/react-reconciler/-/react-reconciler-0.29.2.tgz"
  integrity sha512-zZQqIiYgDCTP/f1N/mAR10nJGrPD2ZR+jDSEsKWJHYC7Cm2wodlwbR3upZRdC3cjIjSlTLNVyO7Iu0Yy7t2AYg==
  dependencies:
    loose-envify "^1.1.0"
    scheduler "^0.23.2"

react@^18.3.1:
  version "18.3.1"
  resolved "https://registry.npmjs.org/react/-/react-18.3.1.tgz"
  integrity sha512-wS+hAgJShR0KhEvPJArfuPVN1+Hz1t0Y6n5jLrGQbkb4urgPE/0Rve+1kMB1v/oWgHgm4WIcV+i7F2pTVj+2iQ==
  dependencies:
    loose-envify "^1.1.0"

scheduler@^0.23.2:
  version "0.23.2"
  resolved "https://registry.npmjs.org/scheduler/-/scheduler-0.23.2.tgz"
  integrity sha512-UOShsPwz7NrMUqhR6t0hWjFduvOzbtv7toDH1/hIrfRNIDBnnBWd0CwJTGvTpngVlmwGCdP9/Zl/tVrDqcuYzQ==
  dependencies:
    loose-envify "^1.1.0"

typescript@^5.4.3:
  version "5.4.3"
  resolved "https://registry.npmjs.org/typescript/-/typescript-5.4.3.tgz"
  integrity sha512-KrPd3PKaCLr78MalgiwJnA25Nm8HAmdwN3mYUYZgG/wizIo9EainNVQI9/yDavtVFRN2h3k8uf3GLHuhDMgEHg==

wretched-react@^1.0.5:
  version "1.0.5"
  resolved "https://registry.yarnpkg.com/wretched-react/-/wretched-react-1.0.5.tgz#1aca80b7902ff0cf2ee87258976b92e3cb29d838"
  integrity sha512-g0OmQNFnpW+P3ngICaPLWzbVJy2bGj1yRW64GXEnZGSYQFjOMyRTHBSAfyOmBmn0dzjdVJJjFyeNKFwkmHEGPA==
  dependencies:
    wretched "^1.0.9"

wretched@^1.0.11:
  version "1.0.11"
  resolved "https://registry.yarnpkg.com/wretched/-/wretched-1.0.11.tgz#c08c2675eb5ad57a3df6a7d012d04924ade65478"
  integrity sha512-wQTip6hBKZrBb1SlHjMMSMYN4IyFq8F7IAwDqTbC/51oUZZwW+YGLrymD9qb1s/v2OZ8oJhXFlqH80dwydlNhA==

wretched@^1.0.9:
  version "1.0.9"
  resolved "https://registry.yarnpkg.com/wretched/-/wretched-1.0.9.tgz#5782b8fbc493b1932a2502207be41c9777b96895"
  integrity sha512-NCopsNGlmcvOZtzaQSqKHibtg4pHDsNm5Eu9FsJuYDf6pguc+igVskBq82lXIqNMaPu/wWz4jhYDdadC1MZwJQ==
